
Microsoft Visual Studio Solution File, Format Version 12.00
# Visual Studio Version 17
VisualStudioVersion = 17.11.35327.3
MinimumVisualStudioVersion = 10.0.40219.1
Project("{FAE04EC0-301F-11D3-BF4B-00C04F79EFBC}") = "Server", "Server\Server.csproj", "{CC4D568C-5479-4F0D-BD40-05591A93F4D3}"
EndProject
Project("{FAE04EC0-301F-11D3-BF4B-00C04F79EFBC}") = "Client", "Client\Client.csproj", "{148AA441-6CE2-4B5C-891F-098305F1D2AD}"
EndProject
Global
	GlobalSection(SolutionConfigurationPlatforms) = preSolution
		Debug|Any CPU = Debug|Any CPU
		Release|Any CPU = Release|Any CPU
	EndGlobalSection
	GlobalSection(ProjectConfigurationPlatforms) = postSolution
		{CC4D568C-5479-4F0D-BD40-05591A93F4D3}.Debug|Any CPU.ActiveCfg = Debug|Any CPU
		{CC4D568C-5479-4F0D-BD40-05591A93F4D3}.Debug|Any CPU.Build.0 = Debug|Any CPU
		{CC4D568C-5479-4F0D-BD40-05591A93F4D3}.Release|Any CPU.ActiveCfg = Release|Any CPU
		{CC4D568C-5479-4F0D-BD40-05591A93F4D3}.Release|Any CPU.Build.0 = Release|Any CPU
		{148AA441-6CE2-4B5C-891F-098305F1D2AD}.Debug|Any CPU.ActiveCfg = Debug|Any CPU
		{148AA441-6CE2-4B5C-891F-098305F1D2AD}.Debug|Any CPU.Build.0 = Debug|Any CPU
		{148AA441-6CE2-4B5C-891F-098305F1D2AD}.Release|Any CPU.ActiveCfg = Release|Any CPU
		{148AA441-6CE2-4B5C-891F-098305F1D2AD}.Release|Any CPU.Build.0 = Release|Any CPU
	EndGlobalSection
	GlobalSection(SolutionProperties) = preSolution
		HideSolutionNode = FALSE
	EndGlobalSection
	GlobalSection(ExtensibilityGlobals) = postSolution
		SolutionGuid = {06F91BAF-96E7-4E86-A233-496C23F39235}
	EndGlobalSection
EndGlobal
