
Microsoft Visual Studio Solution File, Format Version 12.00
# Visual Studio Version 17
VisualStudioVersion = 17.11.35327.3
MinimumVisualStudioVersion = 10.0.40219.1
Project("{FAE04EC0-301F-11D3-BF4B-00C04F79EFBC}") = "Server", "Server\Server.csproj", "{84D3C9DC-53E1-41AA-9832-77180C2A4DBB}"
EndProject
Project("{FAE04EC0-301F-11D3-BF4B-00C04F79EFBC}") = "Client", "Client\Client.csproj", "{3329AC14-76F0-4377-839F-AF3910611232}"
EndProject
Global
	GlobalSection(SolutionConfigurationPlatforms) = preSolution
		Debug|Any CPU = Debug|Any CPU
		Release|Any CPU = Release|Any CPU
	EndGlobalSection
	GlobalSection(ProjectConfigurationPlatforms) = postSolution
		{84D3C9DC-53E1-41AA-9832-77180C2A4DBB}.Debug|Any CPU.ActiveCfg = Debug|Any CPU
		{84D3C9DC-53E1-41AA-9832-77180C2A4DBB}.Debug|Any CPU.Build.0 = Debug|Any CPU
		{84D3C9DC-53E1-41AA-9832-77180C2A4DBB}.Release|Any CPU.ActiveCfg = Release|Any CPU
		{84D3C9DC-53E1-41AA-9832-77180C2A4DBB}.Release|Any CPU.Build.0 = Release|Any CPU
		{3329AC14-76F0-4377-839F-AF3910611232}.Debug|Any CPU.ActiveCfg = Debug|Any CPU
		{3329AC14-76F0-4377-839F-AF3910611232}.Debug|Any CPU.Build.0 = Debug|Any CPU
		{3329AC14-76F0-4377-839F-AF3910611232}.Release|Any CPU.ActiveCfg = Release|Any CPU
		{3329AC14-76F0-4377-839F-AF3910611232}.Release|Any CPU.Build.0 = Release|Any CPU
	EndGlobalSection
	GlobalSection(SolutionProperties) = preSolution
		HideSolutionNode = FALSE
	EndGlobalSection
	GlobalSection(ExtensibilityGlobals) = postSolution
		SolutionGuid = {4A175925-C86A-4C09-9F6A-7731D2EBBE9D}
	EndGlobalSection
EndGlobal
